
Microsoft Visual Studio Solution File, Format Version 12.00
# Visual Studio Version 17
VisualStudioVersion = 17.5.33627.172
MinimumVisualStudioVersion = 10.0.40219.1
Project("{FAE04EC0-301F-11D3-BF4B-00C04F79EFBC}") = "Math Game Project", "Math Game Project\Math Game Project.csproj", "{FEF4F45E-A9FB-453A-9E18-346FA02C8642}"
EndProject
Project("{54435603-DBB4-11D2-8724-00A0C9A8B90C}") = "MathGameSetUp", "MathGameSetUp\MathGameSetUp.vdproj", "{CA4424A7-47B2-443D-BA5C-B6884665B969}"
EndProject
Global
	GlobalSection(SolutionConfigurationPlatforms) = preSolution
		Debug|Any CPU = Debug|Any CPU
		Release|Any CPU = Release|Any CPU
	EndGlobalSection
	GlobalSection(ProjectConfigurationPlatforms) = postSolution
		{FEF4F45E-A9FB-453A-9E18-346FA02C8642}.Debug|Any CPU.ActiveCfg = Debug|Any CPU
		{FEF4F45E-A9FB-453A-9E18-346FA02C8642}.Debug|Any CPU.Build.0 = Debug|Any CPU
		{FEF4F45E-A9FB-453A-9E18-346FA02C8642}.Release|Any CPU.ActiveCfg = Release|Any CPU
		{FEF4F45E-A9FB-453A-9E18-346FA02C8642}.Release|Any CPU.Build.0 = Release|Any CPU
		{CA4424A7-47B2-443D-BA5C-B6884665B969}.Debug|Any CPU.ActiveCfg = Debug
		{CA4424A7-47B2-443D-BA5C-B6884665B969}.Release|Any CPU.ActiveCfg = Release
	EndGlobalSection
	GlobalSection(SolutionProperties) = preSolution
		HideSolutionNode = FALSE
	EndGlobalSection
	GlobalSection(ExtensibilityGlobals) = postSolution
		SolutionGuid = {871C7117-3FDB-4438-AC2E-CB0124FE9065}
	EndGlobalSection
EndGlobal
